
Microsoft Visual Studio Solution File, Format Version 12.00
# Visual Studio Version 16
VisualStudioVersion = 16.0.30128.74
MinimumVisualStudioVersion = 10.0.40219.1
Project("{FAE04EC0-301F-11D3-BF4B-00C04F79EFBC}") = "RandomApp2.Android", "RandomApp2\RandomApp2.Android\RandomApp2.Android.csproj", "{A74D3BEE-9880-46D9-83BB-3FFFC5DBD59D}"
EndProject
Project("{FAE04EC0-301F-11D3-BF4B-00C04F79EFBC}") = "RandomApp2", "RandomApp2\RandomApp2\RandomApp2.csproj", "{4E32E3EE-F2F4-4FE5-8128-7F4DAC159215}"
EndProject
Global
	GlobalSection(SolutionConfigurationPlatforms) = preSolution
		Debug|Any CPU = Debug|Any CPU
		Debug|iPhone = Debug|iPhone
		Debug|iPhoneSimulator = Debug|iPhoneSimulator
		Release|Any CPU = Release|Any CPU
		Release|iPhone = Release|iPhone
		Release|iPhoneSimulator = Release|iPhoneSimulator
	EndGlobalSection
	GlobalSection(ProjectConfigurationPlatforms) = postSolution
		{A74D3BEE-9880-46D9-83BB-3FFFC5DBD59D}.Debug|Any CPU.ActiveCfg = Debug|Any CPU
		{A74D3BEE-9880-46D9-83BB-3FFFC5DBD59D}.Debug|Any CPU.Build.0 = Debug|Any CPU
		{A74D3BEE-9880-46D9-83BB-3FFFC5DBD59D}.Debug|Any CPU.Deploy.0 = Debug|Any CPU
		{A74D3BEE-9880-46D9-83BB-3FFFC5DBD59D}.Debug|iPhone.ActiveCfg = Debug|Any CPU
		{A74D3BEE-9880-46D9-83BB-3FFFC5DBD59D}.Debug|iPhone.Build.0 = Debug|Any CPU
		{A74D3BEE-9880-46D9-83BB-3FFFC5DBD59D}.Debug|iPhone.Deploy.0 = Debug|Any CPU
		{A74D3BEE-9880-46D9-83BB-3FFFC5DBD59D}.Debug|iPhoneSimulator.ActiveCfg = Debug|Any CPU
		{A74D3BEE-9880-46D9-83BB-3FFFC5DBD59D}.Debug|iPhoneSimulator.Build.0 = Debug|Any CPU
		{A74D3BEE-9880-46D9-83BB-3FFFC5DBD59D}.Debug|iPhoneSimulator.Deploy.0 = Debug|Any CPU
		{A74D3BEE-9880-46D9-83BB-3FFFC5DBD59D}.Release|Any CPU.ActiveCfg = Release|Any CPU
		{A74D3BEE-9880-46D9-83BB-3FFFC5DBD59D}.Release|Any CPU.Build.0 = Release|Any CPU
		{A74D3BEE-9880-46D9-83BB-3FFFC5DBD59D}.Release|Any CPU.Deploy.0 = Release|Any CPU
		{A74D3BEE-9880-46D9-83BB-3FFFC5DBD59D}.Release|iPhone.ActiveCfg = Release|Any CPU
		{A74D3BEE-9880-46D9-83BB-3FFFC5DBD59D}.Release|iPhone.Build.0 = Release|Any CPU
		{A74D3BEE-9880-46D9-83BB-3FFFC5DBD59D}.Release|iPhone.Deploy.0 = Release|Any CPU
		{A74D3BEE-9880-46D9-83BB-3FFFC5DBD59D}.Release|iPhoneSimulator.ActiveCfg = Release|Any CPU
		{A74D3BEE-9880-46D9-83BB-3FFFC5DBD59D}.Release|iPhoneSimulator.Build.0 = Release|Any CPU
		{A74D3BEE-9880-46D9-83BB-3FFFC5DBD59D}.Release|iPhoneSimulator.Deploy.0 = Release|Any CPU
		{4E32E3EE-F2F4-4FE5-8128-7F4DAC159215}.Debug|Any CPU.ActiveCfg = Debug|Any CPU
		{4E32E3EE-F2F4-4FE5-8128-7F4DAC159215}.Debug|Any CPU.Build.0 = Debug|Any CPU
		{4E32E3EE-F2F4-4FE5-8128-7F4DAC159215}.Debug|Any CPU.Deploy.0 = Debug|Any CPU
		{4E32E3EE-F2F4-4FE5-8128-7F4DAC159215}.Debug|iPhone.ActiveCfg = Debug|Any CPU
		{4E32E3EE-F2F4-4FE5-8128-7F4DAC159215}.Debug|iPhone.Build.0 = Debug|Any CPU
		{4E32E3EE-F2F4-4FE5-8128-7F4DAC159215}.Debug|iPhone.Deploy.0 = Debug|Any CPU
		{4E32E3EE-F2F4-4FE5-8128-7F4DAC159215}.Debug|iPhoneSimulator.ActiveCfg = Debug|Any CPU
		{4E32E3EE-F2F4-4FE5-8128-7F4DAC159215}.Debug|iPhoneSimulator.Build.0 = Debug|Any CPU
		{4E32E3EE-F2F4-4FE5-8128-7F4DAC159215}.Debug|iPhoneSimulator.Deploy.0 = Debug|Any CPU
		{4E32E3EE-F2F4-4FE5-8128-7F4DAC159215}.Release|Any CPU.ActiveCfg = Release|Any CPU
		{4E32E3EE-F2F4-4FE5-8128-7F4DAC159215}.Release|Any CPU.Build.0 = Release|Any CPU
		{4E32E3EE-F2F4-4FE5-8128-7F4DAC159215}.Release|Any CPU.Deploy.0 = Release|Any CPU
		{4E32E3EE-F2F4-4FE5-8128-7F4DAC159215}.Release|iPhone.ActiveCfg = Release|Any CPU
		{4E32E3EE-F2F4-4FE5-8128-7F4DAC159215}.Release|iPhone.Build.0 = Release|Any CPU
		{4E32E3EE-F2F4-4FE5-8128-7F4DAC159215}.Release|iPhone.Deploy.0 = Release|Any CPU
		{4E32E3EE-F2F4-4FE5-8128-7F4DAC159215}.Release|iPhoneSimulator.ActiveCfg = Release|Any CPU
		{4E32E3EE-F2F4-4FE5-8128-7F4DAC159215}.Release|iPhoneSimulator.Build.0 = Release|Any CPU
		{4E32E3EE-F2F4-4FE5-8128-7F4DAC159215}.Release|iPhoneSimulator.Deploy.0 = Release|Any CPU
	EndGlobalSection
	GlobalSection(SolutionProperties) = preSolution
		HideSolutionNode = FALSE
	EndGlobalSection
	GlobalSection(ExtensibilityGlobals) = postSolution
		SolutionGuid = {BF8219C8-9C4C-438B-82D4-5368E344E7DB}
	EndGlobalSection
EndGlobal
